// !$*UTF8*$!
{
	archiveVersion = 1;
	classes = {
	};
	objectVersion = 50;
	objects = {

/* Begin PBXBuildFile section */
		D001E6A9265A443C00E01AFB /* SongCell.swift in Sources */ = {isa = PBXBuildFile; fileRef = D001E6A8265A443C00E01AFB /* SongCell.swift */; };
		D036A062265B8B1F000806FC /* EternalBeastCoreData.xcdatamodeld in Sources */ = {isa = PBXBuildFile; fileRef = D036A060265B8B1F000806FC /* EternalBeastCoreData.xcdatamodeld */; };
		D095B209263E83BD00113A8C /* AppDelegate.swift in Sources */ = {isa = PBXBuildFile; fileRef = D095B208263E83BD00113A8C /* AppDelegate.swift */; };
		D095B20D263E83C100113A8C /* Assets.xcassets in Resources */ = {isa = PBXBuildFile; fileRef = D095B20C263E83C100113A8C /* Assets.xcassets */; };
		D095B210263E83C100113A8C /* Main.storyboard in Resources */ = {isa = PBXBuildFile; fileRef = D095B20E263E83C100113A8C /* Main.storyboard */; };
		D095B21E263E8EE600113A8C /* SidebarViewController.swift in Sources */ = {isa = PBXBuildFile; fileRef = D095B21D263E8EE600113A8C /* SidebarViewController.swift */; };
		D095B22C263E8FD700113A8C /* MainViewController.swift in Sources */ = {isa = PBXBuildFile; fileRef = D095B22B263E8FD700113A8C /* MainViewController.swift */; };
		D0ADCDD726552B3800767ACF /* Queue.swift in Sources */ = {isa = PBXBuildFile; fileRef = D0ADCDD626552B3800767ACF /* Queue.swift */; };
		D0ADCDD926552CCB00767ACF /* Player.swift in Sources */ = {isa = PBXBuildFile; fileRef = D0ADCDD826552CCB00767ACF /* Player.swift */; };
		D0ADCDDB265577F400767ACF /* PlayerDelegate.swift in Sources */ = {isa = PBXBuildFile; fileRef = D0ADCDDA265577F400767ACF /* PlayerDelegate.swift */; };
		D0ADCDDD26557FAD00767ACF /* DoubleToTimeString.swift in Sources */ = {isa = PBXBuildFile; fileRef = D0ADCDDC26557FAD00767ACF /* DoubleToTimeString.swift */; };
		D0AE19BE265A8EBA0074CD44 /* AlbumGroupCell.swift in Sources */ = {isa = PBXBuildFile; fileRef = D0AE19BD265A8EBA0074CD44 /* AlbumGroupCell.swift */; };
		D0B265582651034A009E0307 /* Song.swift in Sources */ = {isa = PBXBuildFile; fileRef = D0B265572651034A009E0307 /* Song.swift */; };
/* End PBXBuildFile section */

/* Begin PBXFileReference section */
		D001E6A8265A443C00E01AFB /* SongCell.swift */ = {isa = PBXFileReference; lastKnownFileType = sourcecode.swift; path = SongCell.swift; sourceTree = "<group>"; };
		D036A061265B8B1F000806FC /* EternalBeastCoreData.xcdatamodel */ = {isa = PBXFileReference; lastKnownFileType = wrapper.xcdatamodel; path = EternalBeastCoreData.xcdatamodel; sourceTree = "<group>"; };
		D095B205263E83BD00113A8C /* EternalBeast.app */ = {isa = PBXFileReference; explicitFileType = wrapper.application; includeInIndex = 0; path = EternalBeast.app; sourceTree = BUILT_PRODUCTS_DIR; };
		D095B208263E83BD00113A8C /* AppDelegate.swift */ = {isa = PBXFileReference; lastKnownFileType = sourcecode.swift; path = AppDelegate.swift; sourceTree = "<group>"; };
		D095B20C263E83C100113A8C /* Assets.xcassets */ = {isa = PBXFileReference; lastKnownFileType = folder.assetcatalog; path = Assets.xcassets; sourceTree = "<group>"; };
		D095B20F263E83C100113A8C /* Base */ = {isa = PBXFileReference; lastKnownFileType = file.storyboard; name = Base; path = Base.lproj/Main.storyboard; sourceTree = "<group>"; };
		D095B211263E83C100113A8C /* Info.plist */ = {isa = PBXFileReference; lastKnownFileType = text.plist.xml; path = Info.plist; sourceTree = "<group>"; };
		D095B212263E83C100113A8C /* EternalBeast.entitlements */ = {isa = PBXFileReference; lastKnownFileType = text.plist.entitlements; path = EternalBeast.entitlements; sourceTree = "<group>"; };
		D095B21D263E8EE600113A8C /* SidebarViewController.swift */ = {isa = PBXFileReference; lastKnownFileType = sourcecode.swift; path = SidebarViewController.swift; sourceTree = "<group>"; };
		D095B22B263E8FD700113A8C /* MainViewController.swift */ = {isa = PBXFileReference; lastKnownFileType = sourcecode.swift; path = MainViewController.swift; sourceTree = "<group>"; };
		D0ADCDD626552B3800767ACF /* Queue.swift */ = {isa = PBXFileReference; lastKnownFileType = sourcecode.swift; path = Queue.swift; sourceTree = "<group>"; };
		D0ADCDD826552CCB00767ACF /* Player.swift */ = {isa = PBXFileReference; lastKnownFileType = sourcecode.swift; path = Player.swift; sourceTree = "<group>"; };
		D0ADCDDA265577F400767ACF /* PlayerDelegate.swift */ = {isa = PBXFileReference; lastKnownFileType = sourcecode.swift; path = PlayerDelegate.swift; sourceTree = "<group>"; };
		D0ADCDDC26557FAD00767ACF /* DoubleToTimeString.swift */ = {isa = PBXFileReference; lastKnownFileType = sourcecode.swift; path = DoubleToTimeString.swift; sourceTree = "<group>"; };
		D0AE19BD265A8EBA0074CD44 /* AlbumGroupCell.swift */ = {isa = PBXFileReference; lastKnownFileType = sourcecode.swift; path = AlbumGroupCell.swift; sourceTree = "<group>"; };
		D0B265572651034A009E0307 /* Song.swift */ = {isa = PBXFileReference; lastKnownFileType = sourcecode.swift; path = Song.swift; sourceTree = "<group>"; };
/* End PBXFileReference section */

/* Begin PBXFrameworksBuildPhase section */
		D095B202263E83BD00113A8C /* Frameworks */ = {
			isa = PBXFrameworksBuildPhase;
			buildActionMask = 2147483647;
			files = (
			);
			runOnlyForDeploymentPostprocessing = 0;
		};
/* End PBXFrameworksBuildPhase section */

/* Begin PBXGroup section */
		D095B1FC263E83BD00113A8C = {
			isa = PBXGroup;
			children = (
				D095B207263E83BD00113A8C /* EternalBeast */,
				D095B206263E83BD00113A8C /* Products */,
			);
			sourceTree = "<group>";
		};
		D095B206263E83BD00113A8C /* Products */ = {
			isa = PBXGroup;
			children = (
				D095B205263E83BD00113A8C /* EternalBeast.app */,
			);
			name = Products;
			sourceTree = "<group>";
		};
		D095B207263E83BD00113A8C /* EternalBeast */ = {
			isa = PBXGroup;
			children = (
				D0ADCDD526552B2600767ACF /* Misc */,
				D095B21A263E8E2700113A8C /* Model */,
				D095B218263E8E0000113A8C /* Controller */,
				D095B219263E8E0E00113A8C /* View */,
				D095B208263E83BD00113A8C /* AppDelegate.swift */,
				D095B20C263E83C100113A8C /* Assets.xcassets */,
				D095B211263E83C100113A8C /* Info.plist */,
				D095B212263E83C100113A8C /* EternalBeast.entitlements */,
				D036A060265B8B1F000806FC /* EternalBeastCoreData.xcdatamodeld */,
			);
			path = EternalBeast;
			sourceTree = "<group>";
		};
		D095B218263E8E0000113A8C /* Controller */ = {
			isa = PBXGroup;
			children = (
				D095B22B263E8FD700113A8C /* MainViewController.swift */,
				D095B21D263E8EE600113A8C /* SidebarViewController.swift */,
			);
			path = Controller;
			sourceTree = "<group>";
		};
		D095B219263E8E0E00113A8C /* View */ = {
			isa = PBXGroup;
			children = (
				D095B20E263E83C100113A8C /* Main.storyboard */,
				D001E6A8265A443C00E01AFB /* SongCell.swift */,
				D0AE19BD265A8EBA0074CD44 /* AlbumGroupCell.swift */,
			);
			path = View;
			sourceTree = "<group>";
		};
		D095B21A263E8E2700113A8C /* Model */ = {
			isa = PBXGroup;
			children = (
				D0B265572651034A009E0307 /* Song.swift */,
			);
			path = Model;
			sourceTree = "<group>";
		};
		D0ADCDD526552B2600767ACF /* Misc */ = {
			isa = PBXGroup;
			children = (
				D0ADCDD626552B3800767ACF /* Queue.swift */,
				D0ADCDDA265577F400767ACF /* PlayerDelegate.swift */,
				D0ADCDD826552CCB00767ACF /* Player.swift */,
				D0ADCDDC26557FAD00767ACF /* DoubleToTimeString.swift */,
			);
			path = Misc;
			sourceTree = "<group>";
		};
/* End PBXGroup section */

/* Begin PBXNativeTarget section */
		D095B204263E83BD00113A8C /* EternalBeast */ = {
			isa = PBXNativeTarget;
			buildConfigurationList = D095B215263E83C100113A8C /* Build configuration list for PBXNativeTarget "EternalBeast" */;
			buildPhases = (
				D095B201263E83BD00113A8C /* Sources */,
				D095B202263E83BD00113A8C /* Frameworks */,
				D095B203263E83BD00113A8C /* Resources */,
			);
			buildRules = (
			);
			dependencies = (
			);
			name = EternalBeast;
			productName = EternalBeast;
			productReference = D095B205263E83BD00113A8C /* EternalBeast.app */;
			productType = "com.apple.product-type.application";
		};
/* End PBXNativeTarget section */

/* Begin PBXProject section */
		D095B1FD263E83BD00113A8C /* Project object */ = {
			isa = PBXProject;
			attributes = {
				LastSwiftUpdateCheck = 1250;
				LastUpgradeCheck = 1250;
				TargetAttributes = {
					D095B204263E83BD00113A8C = {
						CreatedOnToolsVersion = 12.5;
					};
				};
			};
			buildConfigurationList = D095B200263E83BD00113A8C /* Build configuration list for PBXProject "EternalBeast" */;
			compatibilityVersion = "Xcode 9.3";
			developmentRegion = en;
			hasScannedForEncodings = 0;
			knownRegions = (
				en,
				Base,
			);
			mainGroup = D095B1FC263E83BD00113A8C;
			productRefGroup = D095B206263E83BD00113A8C /* Products */;
			projectDirPath = "";
			projectRoot = "";
			targets = (
				D095B204263E83BD00113A8C /* EternalBeast */,
			);
		};
/* End PBXProject section */

/* Begin PBXResourcesBuildPhase section */
		D095B203263E83BD00113A8C /* Resources */ = {
			isa = PBXResourcesBuildPhase;
			buildActionMask = 2147483647;
			files = (
				D095B20D263E83C100113A8C /* Assets.xcassets in Resources */,
				D095B210263E83C100113A8C /* Main.storyboard in Resources */,
			);
			runOnlyForDeploymentPostprocessing = 0;
		};
/* End PBXResourcesBuildPhase section */

/* Begin PBXSourcesBuildPhase section */
		D095B201263E83BD00113A8C /* Sources */ = {
			isa = PBXSourcesBuildPhase;
			buildActionMask = 2147483647;
			files = (
				D095B22C263E8FD700113A8C /* MainViewController.swift in Sources */,
				D0ADCDD726552B3800767ACF /* Queue.swift in Sources */,
				D0B265582651034A009E0307 /* Song.swift in Sources */,
				D036A062265B8B1F000806FC /* EternalBeastCoreData.xcdatamodeld in Sources */,
				D0AE19BE265A8EBA0074CD44 /* AlbumGroupCell.swift in Sources */,
				D0ADCDD926552CCB00767ACF /* Player.swift in Sources */,
				D095B209263E83BD00113A8C /* AppDelegate.swift in Sources */,
				D095B21E263E8EE600113A8C /* SidebarViewController.swift in Sources */,
				D0ADCDDD26557FAD00767ACF /* DoubleToTimeString.swift in Sources */,
				D001E6A9265A443C00E01AFB /* SongCell.swift in Sources */,
				D0ADCDDB265577F400767ACF /* PlayerDelegate.swift in Sources */,
			);
			runOnlyForDeploymentPostprocessing = 0;
		};
/* End PBXSourcesBuildPhase section */

/* Begin PBXVariantGroup section */
		D095B20E263E83C100113A8C /* Main.storyboard */ = {
			isa = PBXVariantGroup;
			children = (
				D095B20F263E83C100113A8C /* Base */,
			);
			name = Main.storyboard;
			sourceTree = "<group>";
		};
/* End PBXVariantGroup section */

/* Begin XCBuildConfiguration section */
		D095B213263E83C100113A8C /* Debug */ = {
			isa = XCBuildConfiguration;
			buildSettings = {
				ALWAYS_SEARCH_USER_PATHS = NO;
				CLANG_ANALYZER_NONNULL = YES;
				CLANG_ANALYZER_NUMBER_OBJECT_CONVERSION = YES_AGGRESSIVE;
				CLANG_CXX_LANGUAGE_STANDARD = "gnu++14";
				CLANG_CXX_LIBRARY = "libc++";
				CLANG_ENABLE_MODULES = YES;
				CLANG_ENABLE_OBJC_ARC = YES;
				CLANG_ENABLE_OBJC_WEAK = YES;
				CLANG_WARN_BLOCK_CAPTURE_AUTORELEASING = YES;
				CLANG_WARN_BOOL_CONVERSION = YES;
				CLANG_WARN_COMMA = YES;
				CLANG_WARN_CONSTANT_CONVERSION = YES;
				CLANG_WARN_DEPRECATED_OBJC_IMPLEMENTATIONS = YES;
				CLANG_WARN_DIRECT_OBJC_ISA_USAGE = YES_ERROR;
				CLANG_WARN_DOCUMENTATION_COMMENTS = YES;
				CLANG_WARN_EMPTY_BODY = YES;
				CLANG_WARN_ENUM_CONVERSION = YES;
				CLANG_WARN_INFINITE_RECURSION = YES;
				CLANG_WARN_INT_CONVERSION = YES;
				CLANG_WARN_NON_LITERAL_NULL_CONVERSION = YES;
				CLANG_WARN_OBJC_IMPLICIT_RETAIN_SELF = YES;
				CLANG_WARN_OBJC_LITERAL_CONVERSION = YES;
				CLANG_WARN_OBJC_ROOT_CLASS = YES_ERROR;
				CLANG_WARN_QUOTED_INCLUDE_IN_FRAMEWORK_HEADER = YES;
				CLANG_WARN_RANGE_LOOP_ANALYSIS = YES;
				CLANG_WARN_STRICT_PROTOTYPES = YES;
				CLANG_WARN_SUSPICIOUS_MOVE = YES;
				CLANG_WARN_UNGUARDED_AVAILABILITY = YES_AGGRESSIVE;
				CLANG_WARN_UNREACHABLE_CODE = YES;
				CLANG_WARN__DUPLICATE_METHOD_MATCH = YES;
				COPY_PHASE_STRIP = NO;
				DEBUG_INFORMATION_FORMAT = dwarf;
				ENABLE_STRICT_OBJC_MSGSEND = YES;
				ENABLE_TESTABILITY = YES;
				GCC_C_LANGUAGE_STANDARD = gnu11;
				GCC_DYNAMIC_NO_PIC = NO;
				GCC_NO_COMMON_BLOCKS = YES;
				GCC_OPTIMIZATION_LEVEL = 0;
				GCC_PREPROCESSOR_DEFINITIONS = (
					"DEBUG=1",
					"$(inherited)",
				);
				GCC_WARN_64_TO_32_BIT_CONVERSION = YES;
				GCC_WARN_ABOUT_RETURN_TYPE = YES_ERROR;
				GCC_WARN_UNDECLARED_SELECTOR = YES;
				GCC_WARN_UNINITIALIZED_AUTOS = YES_AGGRESSIVE;
				GCC_WARN_UNUSED_FUNCTION = YES;
				GCC_WARN_UNUSED_VARIABLE = YES;
				MACOSX_DEPLOYMENT_TARGET = 11.3;
				MTL_ENABLE_DEBUG_INFO = INCLUDE_SOURCE;
				MTL_FAST_MATH = YES;
				ONLY_ACTIVE_ARCH = YES;
				SDKROOT = macosx;
				SWIFT_ACTIVE_COMPILATION_CONDITIONS = DEBUG;
				SWIFT_OPTIMIZATION_LEVEL = "-Onone";
			};
			name = Debug;
		};
		D095B214263E83C100113A8C /* Release */ = {
			isa = XCBuildConfiguration;
			buildSettings = {
				ALWAYS_SEARCH_USER_PATHS = NO;
				CLANG_ANALYZER_NONNULL = YES;
				CLANG_ANALYZER_NUMBER_OBJECT_CONVERSION = YES_AGGRESSIVE;
				CLANG_CXX_LANGUAGE_STANDARD = "gnu++14";
				CLANG_CXX_LIBRARY = "libc++";
				CLANG_ENABLE_MODULES = YES;
				CLANG_ENABLE_OBJC_ARC = YES;
				CLANG_ENABLE_OBJC_WEAK = YES;
				CLANG_WARN_BLOCK_CAPTURE_AUTORELEASING = YES;
				CLANG_WARN_BOOL_CONVERSION = YES;
				CLANG_WARN_COMMA = YES;
				CLANG_WARN_CONSTANT_CONVERSION = YES;
				CLANG_WARN_DEPRECATED_OBJC_IMPLEMENTATIONS = YES;
				CLANG_WARN_DIRECT_OBJC_ISA_USAGE = YES_ERROR;
				CLANG_WARN_DOCUMENTATION_COMMENTS = YES;
				CLANG_WARN_EMPTY_BODY = YES;
				CLANG_WARN_ENUM_CONVERSION = YES;
				CLANG_WARN_INFINITE_RECURSION = YES;
				CLANG_WARN_INT_CONVERSION = YES;
				CLANG_WARN_NON_LITERAL_NULL_CONVERSION = YES;
				CLANG_WARN_OBJC_IMPLICIT_RETAIN_SELF = YES;
				CLANG_WARN_OBJC_LITERAL_CONVERSION = YES;
				CLANG_WARN_OBJC_ROOT_CLASS = YES_ERROR;
				CLANG_WARN_QUOTED_INCLUDE_IN_FRAMEWORK_HEADER = YES;
				CLANG_WARN_RANGE_LOOP_ANALYSIS = YES;
				CLANG_WARN_STRICT_PROTOTYPES = YES;
				CLANG_WARN_SUSPICIOUS_MOVE = YES;
				CLANG_WARN_UNGUARDED_AVAILABILITY = YES_AGGRESSIVE;
				CLANG_WARN_UNREACHABLE_CODE = YES;
				CLANG_WARN__DUPLICATE_METHOD_MATCH = YES;
				COPY_PHASE_STRIP = NO;
				DEBUG_INFORMATION_FORMAT = "dwarf-with-dsym";
				ENABLE_NS_ASSERTIONS = NO;
				ENABLE_STRICT_OBJC_MSGSEND = YES;
				GCC_C_LANGUAGE_STANDARD = gnu11;
				GCC_NO_COMMON_BLOCKS = YES;
				GCC_WARN_64_TO_32_BIT_CONVERSION = YES;
				GCC_WARN_ABOUT_RETURN_TYPE = YES_ERROR;
				GCC_WARN_UNDECLARED_SELECTOR = YES;
				GCC_WARN_UNINITIALIZED_AUTOS = YES_AGGRESSIVE;
				GCC_WARN_UNUSED_FUNCTION = YES;
				GCC_WARN_UNUSED_VARIABLE = YES;
				MACOSX_DEPLOYMENT_TARGET = 11.3;
				MTL_ENABLE_DEBUG_INFO = NO;
				MTL_FAST_MATH = YES;
				SDKROOT = macosx;
				SWIFT_COMPILATION_MODE = wholemodule;
				SWIFT_OPTIMIZATION_LEVEL = "-O";
			};
			name = Release;
		};
		D095B216263E83C100113A8C /* Debug */ = {
			isa = XCBuildConfiguration;
			buildSettings = {
				ASSETCATALOG_COMPILER_APPICON_NAME = AppIcon;
				ASSETCATALOG_COMPILER_GLOBAL_ACCENT_COLOR_NAME = AccentColor;
				CODE_SIGN_ENTITLEMENTS = EternalBeast/EternalBeast.entitlements;
				CODE_SIGN_STYLE = Automatic;
				COMBINE_HIDPI_IMAGES = YES;
				DEVELOPMENT_TEAM = B8BDLHDMTH;
				ENABLE_HARDENED_RUNTIME = YES;
				INFOPLIST_FILE = EternalBeast/Info.plist;
				LD_RUNPATH_SEARCH_PATHS = (
					"$(inherited)",
					"@executable_path/../Frameworks",
				);
				PRODUCT_BUNDLE_IDENTIFIER = com.peterurgos.EternalBeast;
				PRODUCT_NAME = "$(TARGET_NAME)";
				SWIFT_VERSION = 5.0;
			};
			name = Debug;
		};
		D095B217263E83C100113A8C /* Release */ = {
			isa = XCBuildConfiguration;
			buildSettings = {
				ASSETCATALOG_COMPILER_APPICON_NAME = AppIcon;
				ASSETCATALOG_COMPILER_GLOBAL_ACCENT_COLOR_NAME = AccentColor;
				CODE_SIGN_ENTITLEMENTS = EternalBeast/EternalBeast.entitlements;
				CODE_SIGN_STYLE = Automatic;
				COMBINE_HIDPI_IMAGES = YES;
				DEVELOPMENT_TEAM = B8BDLHDMTH;
				ENABLE_HARDENED_RUNTIME = YES;
				INFOPLIST_FILE = EternalBeast/Info.plist;
				LD_RUNPATH_SEARCH_PATHS = (
					"$(inherited)",
					"@executable_path/../Frameworks",
				);
				PRODUCT_BUNDLE_IDENTIFIER = com.peterurgos.EternalBeast;
				PRODUCT_NAME = "$(TARGET_NAME)";
				SWIFT_VERSION = 5.0;
			};
			name = Release;
		};
/* End XCBuildConfiguration section */

/* Begin XCConfigurationList section */
		D095B200263E83BD00113A8C /* Build configuration list for PBXProject "EternalBeast" */ = {
			isa = XCConfigurationList;
			buildConfigurations = (
				D095B213263E83C100113A8C /* Debug */,
				D095B214263E83C100113A8C /* Release */,
			);
			defaultConfigurationIsVisible = 0;
			defaultConfigurationName = Release;
		};
		D095B215263E83C100113A8C /* Build configuration list for PBXNativeTarget "EternalBeast" */ = {
			isa = XCConfigurationList;
			buildConfigurations = (
				D095B216263E83C100113A8C /* Debug */,
				D095B217263E83C100113A8C /* Release */,
			);
			defaultConfigurationIsVisible = 0;
			defaultConfigurationName = Release;
		};
/* End XCConfigurationList section */

/* Begin XCVersionGroup section */
		D036A060265B8B1F000806FC /* EternalBeastCoreData.xcdatamodeld */ = {
			isa = XCVersionGroup;
			children = (
				D036A061265B8B1F000806FC /* EternalBeastCoreData.xcdatamodel */,
			);
			currentVersion = D036A061265B8B1F000806FC /* EternalBeastCoreData.xcdatamodel */;
			path = EternalBeastCoreData.xcdatamodeld;
			sourceTree = "<group>";
			versionGroupType = wrapper.xcdatamodel;
		};
/* End XCVersionGroup section */
	};
	rootObject = D095B1FD263E83BD00113A8C /* Project object */;
}
